
Microsoft Visual Studio Solution File, Format Version 12.00
# Visual Studio Version 16
VisualStudioVersion = 16.0.31105.61
MinimumVisualStudioVersion = 10.0.40219.1
Project("{9A19103F-16F7-4668-BE54-9A1E7A4F7556}") = "TacoWin2_MkSeed", "TacoWin2_MkSeed.csproj", "{4ABC4843-7B20-4496-92C2-5AE733D0CE09}"
EndProject
Global
	GlobalSection(SolutionConfigurationPlatforms) = preSolution
		Debug|Any CPU = Debug|Any CPU
		Release|Any CPU = Release|Any CPU
	EndGlobalSection
	GlobalSection(ProjectConfigurationPlatforms) = postSolution
		{4ABC4843-7B20-4496-92C2-5AE733D0CE09}.Debug|Any CPU.ActiveCfg = Debug|Any CPU
		{4ABC4843-7B20-4496-92C2-5AE733D0CE09}.Debug|Any CPU.Build.0 = Debug|Any CPU
		{4ABC4843-7B20-4496-92C2-5AE733D0CE09}.Release|Any CPU.ActiveCfg = Release|Any CPU
		{4ABC4843-7B20-4496-92C2-5AE733D0CE09}.Release|Any CPU.Build.0 = Release|Any CPU
	EndGlobalSection
	GlobalSection(SolutionProperties) = preSolution
		HideSolutionNode = FALSE
	EndGlobalSection
	GlobalSection(ExtensibilityGlobals) = postSolution
		SolutionGuid = {685B1672-4640-49B8-90A5-EA4DA437A2DB}
	EndGlobalSection
EndGlobal
